{
  "name": "examnotespdf-automation",
  "lockfileVersion": 3,
  "requires": true,
  "packages": {
    "": {
      "name": "examnotespdf-automation",
      "dependencies": {
        "@anthro-ai/krutidev-unicode": "^0.1.0"
      }
    },
    "node_modules/@anthro-ai/krutidev-unicode": {
      "version": "0.1.0",
      "resolved": "https://registry.npmjs.org/@anthro-ai/krutidev-unicode/-/krutidev-unicode-0.1.0.tgz",
      "integrity": "sha512-OFZpLA+E6Ius9cSsAmzai20XxvZsWXLPVjqncAH029lv2f5dHS/GJ4I/dkfnENj66Nu+MFsoEexW5qLy5Nzkzw==",
      "license": "ISC",
      "dependencies": {
        "replace-string": "^3.0.0"
      }
    },
    "node_modules/replace-string": {
      "version": "3.1.0",
      "resolved": "https://registry.npmjs.org/replace-string/-/replace-string-3.1.0.tgz",
      "integrity": "sha512-yPpxc4ZR2makceA9hy/jHNqc7QVkd4Je/N0WRHm6bs3PtivPuPynxE5ejU/mp5EhnCv8+uZL7vhz8rkluSlx+Q==",
      "license": "MIT",
      "engines": {
        "node": ">=8"
      },
      "funding": {
        "url": "https://github.com/sponsors/sindresorhus"
      }
    }
  }
}
